PODS:
  - AFNetworking (4.0.1):
    - AFNetworking/NSURLSession (= 4.0.1)
    - AFNetworking/Reachability (= 4.0.1)
    - AFNetworking/Security (= 4.0.1)
    - AFNetworking/Serialization (= 4.0.1)
    - AFNetworking/UIKit (= 4.0.1)
  - AFNetworking/NSURLSession (4.0.1):
    - AFNetworking/Reachability
    - AFNetworking/Security
    - AFNetworking/Serialization
  - AFNetworking/Reachability (4.0.1)
  - AFNetworking/Security (4.0.1)
  - AFNetworking/Serialization (4.0.1)
  - AFNetworking/UIKit (4.0.1):
    - AFNetworking/NSURLSession
  - lottie-ios (3.2.1)
  - SwiftyJSON (5.0.0)

DEPENDENCIES:
  - AFNetworking
  - lottie-ios
  - SwiftyJSON

SPEC REPOS:
  trunk:
    - AFNetworking
    - lottie-ios
    - SwiftyJSON

SPEC CHECKSUMS:
  AFNetworking: 7864c38297c79aaca1500c33288e429c3451fdce
  lottie-ios: 106e92eaf11fbed0a76590b4cdb9b5ec26123ff7
  SwiftyJSON: 36413e04c44ee145039d332b4f4e2d3e8d6c4db7

PODFILE CHECKSUM: ea9616e6807e67d9a09e76674ff1fa48f7f86535

COCOAPODS: 1.10.1
